// !$*UTF8*$!
{
	archiveVersion = 1;
	classes = {
	};
	objectVersion = 46;
	objects = {

/* Begin PBXBuildFile section */
		36150DD11C61532F0019DEDB /* AppDelegate.swift in Sources */ = {isa = PBXBuildFile; fileRef = 36150DD01C61532F0019DEDB /* AppDelegate.swift */; };
		36150DD61C6153300019DEDB /* Main.storyboard in Resources */ = {isa = PBXBuildFile; fileRef = 36150DD41C6153300019DEDB /* Main.storyboard */; };
		36150DD81C6153300019DEDB /* Assets.xcassets in Resources */ = {isa = PBXBuildFile; fileRef = 36150DD71C6153300019DEDB /* Assets.xcassets */; };
		36150DDB1C6153300019DEDB /* LaunchScreen.storyboard in Resources */ = {isa = PBXBuildFile; fileRef = 36150DD91C6153300019DEDB /* LaunchScreen.storyboard */; };
		36150DE31C61533E0019DEDB /* MapKit.framework in Frameworks */ = {isa = PBXBuildFile; fileRef = 36150DE21C61533E0019DEDB /* MapKit.framework */; };
		36150DE51C6153700019DEDB /* RootViewController.swift in Sources */ = {isa = PBXBuildFile; fileRef = 36150DE41C6153700019DEDB /* RootViewController.swift */; };
		36150DE71C6185AB0019DEDB /* CustomAnnotation.swift in Sources */ = {isa = PBXBuildFile; fileRef = 36150DE61C6185AB0019DEDB /* CustomAnnotation.swift */; };
/* End PBXBuildFile section */

/* Begin PBXFileReference section */
		36150DCD1C61532F0019DEDB /* GetOnThatBus.app */ = {isa = PBXFileReference; explicitFileType = wrapper.application; includeInIndex = 0; path = GetOnThatBus.app; sourceTree = BUILT_PRODUCTS_DIR; };
		36150DD01C61532F0019DEDB /* AppDelegate.swift */ = {isa = PBXFileReference; lastKnownFileType = sourcecode.swift; path = AppDelegate.swift; sourceTree = "<group>"; };
		36150DD51C6153300019DEDB /* Base */ = {isa = PBXFileReference; lastKnownFileType = file.storyboard; name = Base; path = Base.lproj/Main.storyboard; sourceTree = "<group>"; };
		36150DD71C6153300019DEDB /* Assets.xcassets */ = {isa = PBXFileReference; lastKnownFileType = folder.assetcatalog; path = Assets.xcassets; sourceTree = "<group>"; };
		36150DDA1C6153300019DEDB /* Base */ = {isa = PBXFileReference; lastKnownFileType = file.storyboard; name = Base; path = Base.lproj/LaunchScreen.storyboard; sourceTree = "<group>"; };
		36150DDC1C6153300019DEDB /* Info.plist */ = {isa = PBXFileReference; lastKnownFileType = text.plist.xml; path = Info.plist; sourceTree = "<group>"; };
		36150DE21C61533E0019DEDB /* MapKit.framework */ = {isa = PBXFileReference; lastKnownFileType = wrapper.framework; name = MapKit.framework; path = System/Library/Frameworks/MapKit.framework; sourceTree = SDKROOT; };
		36150DE41C6153700019DEDB /* RootViewController.swift */ = {isa = PBXFileReference; fileEncoding = 4; lastKnownFileType = sourcecode.swift; name = RootViewController.swift; path = ../RootViewController.swift; sourceTree = "<group>"; };
		36150DE61C6185AB0019DEDB /* CustomAnnotation.swift */ = {isa = PBXFileReference; fileEncoding = 4; lastKnownFileType = sourcecode.swift; path = CustomAnnotation.swift; sourceTree = "<group>"; };
/* End PBXFileReference section */

/* Begin PBXFrameworksBuildPhase section */
		36150DCA1C61532F0019DEDB /* Frameworks */ = {
			isa = PBXFrameworksBuildPhase;
			buildActionMask = 2147483647;
			files = (
				36150DE31C61533E0019DEDB /* MapKit.framework in Frameworks */,
			);
			runOnlyForDeploymentPostprocessing = 0;
		};
/* End PBXFrameworksBuildPhase section */

/* Begin PBXGroup section */
		36150DC41C61532F0019DEDB = {
			isa = PBXGroup;
			children = (
				36150DE21C61533E0019DEDB /* MapKit.framework */,
				36150DCF1C61532F0019DEDB /* GetOnThatBus */,
				36150DCE1C61532F0019DEDB /* Products */,
			);
			sourceTree = "<group>";
		};
		36150DCE1C61532F0019DEDB /* Products */ = {
			isa = PBXGroup;
			children = (
				36150DCD1C61532F0019DEDB /* GetOnThatBus.app */,
			);
			name = Products;
			sourceTree = "<group>";
		};
		36150DCF1C61532F0019DEDB /* GetOnThatBus */ = {
			isa = PBXGroup;
			children = (
				36150DE41C6153700019DEDB /* RootViewController.swift */,
				36150DE61C6185AB0019DEDB /* CustomAnnotation.swift */,
				36150DD01C61532F0019DEDB /* AppDelegate.swift */,
				36150DD41C6153300019DEDB /* Main.storyboard */,
				36150DD71C6153300019DEDB /* Assets.xcassets */,
				36150DD91C6153300019DEDB /* LaunchScreen.storyboard */,
				36150DDC1C6153300019DEDB /* Info.plist */,
			);
			path = GetOnThatBus;
			sourceTree = "<group>";
		};
/* End PBXGroup section */

/* Begin PBXNativeTarget section */
		36150DCC1C61532F0019DEDB /* GetOnThatBus */ = {
			isa = PBXNativeTarget;
			buildConfigurationList = 36150DDF1C6153300019DEDB /* Build configuration list for PBXNativeTarget "GetOnThatBus" */;
			buildPhases = (
				36150DC91C61532F0019DEDB /* Sources */,
				36150DCA1C61532F0019DEDB /* Frameworks */,
				36150DCB1C61532F0019DEDB /* Resources */,
			);
			buildRules = (
			);
			dependencies = (
			);
			name = GetOnThatBus;
			productName = GetOnThatBus;
			productReference = 36150DCD1C61532F0019DEDB /* GetOnThatBus.app */;
			productType = "com.apple.product-type.application";
		};
/* End PBXNativeTarget section */

/* Begin PBXProject section */
		36150DC51C61532F0019DEDB /* Project object */ = {
			isa = PBXProject;
			attributes = {
				LastSwiftUpdateCheck = 0720;
				LastUpgradeCheck = 0720;
				ORGANIZATIONNAME = "Susan Salas";
				TargetAttributes = {
					36150DCC1C61532F0019DEDB = {
						CreatedOnToolsVersion = 7.2;
					};
				};
			};
			buildConfigurationList = 36150DC81C61532F0019DEDB /* Build configuration list for PBXProject "GetOnThatBus" */;
			compatibilityVersion = "Xcode 3.2";
			developmentRegion = English;
			hasScannedForEncodings = 0;
			knownRegions = (
				en,
				Base,
			);
			mainGroup = 36150DC41C61532F0019DEDB;
			productRefGroup = 36150DCE1C61532F0019DEDB /* Products */;
			projectDirPath = "";
			projectRoot = "";
			targets = (
				36150DCC1C61532F0019DEDB /* GetOnThatBus */,
			);
		};
/* End PBXProject section */

/* Begin PBXResourcesBuildPhase section */
		36150DCB1C61532F0019DEDB /* Resources */ = {
			isa = PBXResourcesBuildPhase;
			buildActionMask = 2147483647;
			files = (
				36150DDB1C6153300019DEDB /* LaunchScreen.storyboard in Resources */,
				36150DD81C6153300019DEDB /* Assets.xcassets in Resources */,
				36150DD61C6153300019DEDB /* Main.storyboard in Resources */,
			);
			runOnlyForDeploymentPostprocessing = 0;
		};
/* End PBXResourcesBuildPhase section */

/* Begin PBXSourcesBuildPhase section */
		36150DC91C61532F0019DEDB /* Sources */ = {
			isa = PBXSourcesBuildPhase;
			buildActionMask = 2147483647;
			files = (
				36150DE51C6153700019DEDB /* RootViewController.swift in Sources */,
				36150DD11C61532F0019DEDB /* AppDelegate.swift in Sources */,
				36150DE71C6185AB0019DEDB /* CustomAnnotation.swift in Sources */,
			);
			runOnlyForDeploymentPostprocessing = 0;
		};
/* End PBXSourcesBuildPhase section */

/* Begin PBXVariantGroup section */
		36150DD41C6153300019DEDB /* Main.storyboard */ = {
			isa = PBXVariantGroup;
			children = (
				36150DD51C6153300019DEDB /* Base */,
			);
			name = Main.storyboard;
			sourceTree = "<group>";
		};
		36150DD91C6153300019DEDB /* LaunchScreen.storyboard */ = {
			isa = PBXVariantGroup;
			children = (
				36150DDA1C6153300019DEDB /* Base */,
			);
			name = LaunchScreen.storyboard;
			sourceTree = "<group>";
		};
/* End PBXVariantGroup section */

/* Begin XCBuildConfiguration section */
		36150DDD1C6153300019DEDB /* Debug */ = {
			isa = XCBuildConfiguration;
			buildSettings = {
				ALWAYS_SEARCH_USER_PATHS = NO;
				CLANG_CXX_LANGUAGE_STANDARD = "gnu++0x";
				CLANG_CXX_LIBRARY = "libc++";
				CLANG_ENABLE_MODULES = YES;
				CLANG_ENABLE_OBJC_ARC = YES;
				CLANG_WARN_BOOL_CONVERSION = YES;
				CLANG_WARN_CONSTANT_CONVERSION = YES;
				CLANG_WARN_DIRECT_OBJC_ISA_USAGE = YES_ERROR;
				CLANG_WARN_EMPTY_BODY = YES;
				CLANG_WARN_ENUM_CONVERSION = YES;
				CLANG_WARN_INT_CONVERSION = YES;
				CLANG_WARN_OBJC_ROOT_CLASS = YES_ERROR;
				CLANG_WARN_UNREACHABLE_CODE = YES;
				CLANG_WARN__DUPLICATE_METHOD_MATCH = YES;
				"CODE_SIGN_IDENTITY[sdk=iphoneos*]" = "iPhone Developer";
				COPY_PHASE_STRIP = NO;
				DEBUG_INFORMATION_FORMAT = dwarf;
				ENABLE_STRICT_OBJC_MSGSEND = YES;
				ENABLE_TESTABILITY = YES;
				GCC_C_LANGUAGE_STANDARD = gnu99;
				GCC_DYNAMIC_NO_PIC = NO;
				GCC_NO_COMMON_BLOCKS = YES;
				GCC_OPTIMIZATION_LEVEL = 0;
				GCC_PREPROCESSOR_DEFINITIONS = (
					"DEBUG=1",
					"$(inherited)",
				);
				GCC_WARN_64_TO_32_BIT_CONVERSION = YES;
				GCC_WARN_ABOUT_RETURN_TYPE = YES_ERROR;
				GCC_WARN_UNDECLARED_SELECTOR = YES;
				GCC_WARN_UNINITIALIZED_AUTOS = YES_AGGRESSIVE;
				GCC_WARN_UNUSED_FUNCTION = YES;
				GCC_WARN_UNUSED_VARIABLE = YES;
				IPHONEOS_DEPLOYMENT_TARGET = 9.2;
				MTL_ENABLE_DEBUG_INFO = YES;
				ONLY_ACTIVE_ARCH = YES;
				SDKROOT = iphoneos;
				SWIFT_OPTIMIZATION_LEVEL = "-Onone";
			};
			name = Debug;
		};
		36150DDE1C6153300019DEDB /* Release */ = {
			isa = XCBuildConfiguration;
			buildSettings = {
				ALWAYS_SEARCH_USER_PATHS = NO;
				CLANG_CXX_LANGUAGE_STANDARD = "gnu++0x";
				CLANG_CXX_LIBRARY = "libc++";
				CLANG_ENABLE_MODULES = YES;
				CLANG_ENABLE_OBJC_ARC = YES;
				CLANG_WARN_BOOL_CONVERSION = YES;
				CLANG_WARN_CONSTANT_CONVERSION = YES;
				CLANG_WARN_DIRECT_OBJC_ISA_USAGE = YES_ERROR;
				CLANG_WARN_EMPTY_BODY = YES;
				CLANG_WARN_ENUM_CONVERSION = YES;
				CLANG_WARN_INT_CONVERSION = YES;
				CLANG_WARN_OBJC_ROOT_CLASS = YES_ERROR;
				CLANG_WARN_UNREACHABLE_CODE = YES;
				CLANG_WARN__DUPLICATE_METHOD_MATCH = YES;
				"CODE_SIGN_IDENTITY[sdk=iphoneos*]" = "iPhone Developer";
				COPY_PHASE_STRIP = NO;
				DEBUG_INFORMATION_FORMAT = "dwarf-with-dsym";
				ENABLE_NS_ASSERTIONS = NO;
				ENABLE_STRICT_OBJC_MSGSEND = YES;
				GCC_C_LANGUAGE_STANDARD = gnu99;
				GCC_NO_COMMON_BLOCKS = YES;
				GCC_WARN_64_TO_32_BIT_CONVERSION = YES;
				GCC_WARN_ABOUT_RETURN_TYPE = YES_ERROR;
				GCC_WARN_UNDECLARED_SELECTOR = YES;
				GCC_WARN_UNINITIALIZED_AUTOS = YES_AGGRESSIVE;
				GCC_WARN_UNUSED_FUNCTION = YES;
				GCC_WARN_UNUSED_VARIABLE = YES;
				IPHONEOS_DEPLOYMENT_TARGET = 9.2;
				MTL_ENABLE_DEBUG_INFO = NO;
				SDKROOT = iphoneos;
				VALIDATE_PRODUCT = YES;
			};
			name = Release;
		};
		36150DE01C6153300019DEDB /* Debug */ = {
			isa = XCBuildConfiguration;
			buildSettings = {
				ASSETCATALOG_COMPILER_APPICON_NAME = AppIcon;
				INFOPLIST_FILE = GetOnThatBus/Info.plist;
				LD_RUNPATH_SEARCH_PATHS = "$(inherited) @executable_path/Frameworks";
				PRODUCT_BUNDLE_IDENTIFIER = com.susansalas.GetOnThatBus;
				PRODUCT_NAME = "$(TARGET_NAME)";
			};
			name = Debug;
		};
		36150DE11C6153300019DEDB /* Release */ = {
			isa = XCBuildConfiguration;
			buildSettings = {
				ASSETCATALOG_COMPILER_APPICON_NAME = AppIcon;
				INFOPLIST_FILE = GetOnThatBus/Info.plist;
				LD_RUNPATH_SEARCH_PATHS = "$(inherited) @executable_path/Frameworks";
				PRODUCT_BUNDLE_IDENTIFIER = com.susansalas.GetOnThatBus;
				PRODUCT_NAME = "$(TARGET_NAME)";
			};
			name = Release;
		};
/* End XCBuildConfiguration section */

/* Begin XCConfigurationList section */
		36150DC81C61532F0019DEDB /* Build configuration list for PBXProject "GetOnThatBus" */ = {
			isa = XCConfigurationList;
			buildConfigurations = (
				36150DDD1C6153300019DEDB /* Debug */,
				36150DDE1C6153300019DEDB /* Release */,
			);
			defaultConfigurationIsVisible = 0;
			defaultConfigurationName = Release;
		};
		36150DDF1C6153300019DEDB /* Build configuration list for PBXNativeTarget "GetOnThatBus" */ = {
			isa = XCConfigurationList;
			buildConfigurations = (
				36150DE01C6153300019DEDB /* Debug */,
				36150DE11C6153300019DEDB /* Release */,
			);
			defaultConfigurationIsVisible = 0;
		};
/* End XCConfigurationList section */
	};
	rootObject = 36150DC51C61532F0019DEDB /* Project object */;
}
